
Microsoft Visual Studio Solution File, Format Version 12.00
# Visual Studio Version 17
VisualStudioVersion = 17.0.31903.59
MinimumVisualStudioVersion = 10.0.40219.1
Project("{2150E333-8FDC-42A3-9474-1A3956D46DE8}") = "Presentation", "Presentation", "{D9CACF12-C5F6-4D75-BE2D-FD7AE341BE2D}"
EndProject
Project("{FAE04EC0-301F-11D3-BF4B-00C04F79EFBC}") = "TransactionAggregation.Api", "Presentation\TransactionAggregation.Api\TransactionAggregation.Api.csproj", "{F922C13C-8D81-4D1C-94FB-106EA75AB90E}"
EndProject
Project("{2150E333-8FDC-42A3-9474-1A3956D46DE8}") = "Core", "Core", "{2EA17541-D92D-46F5-A347-229879E872AD}"
EndProject
Project("{FAE04EC0-301F-11D3-BF4B-00C04F79EFBC}") = "TransactionAggregation.Core", "Core\TransactionAggregation.Core\TransactionAggregation.Core.csproj", "{C901466F-EEF8-43EA-A079-7270D14C92CA}"
EndProject
Project("{2150E333-8FDC-42A3-9474-1A3956D46DE8}") = "Infrastructure", "Infrastructure", "{3CAC2FAC-2880-440A-A448-7AE7CAA54831}"
EndProject
Project("{FAE04EC0-301F-11D3-BF4B-00C04F79EFBC}") = "TransactionAggregation.Infrastructure", "Infrastructure\TransactionAggregation.Infrastructure\TransactionAggregation.Infrastructure.csproj", "{31839F57-80C0-419C-B17F-F8E0E93A71E0}"
EndProject
Global
	GlobalSection(SolutionConfigurationPlatforms) = preSolution
		Debug|Any CPU = Debug|Any CPU
		Release|Any CPU = Release|Any CPU
	EndGlobalSection
	GlobalSection(SolutionProperties) = preSolution
		HideSolutionNode = FALSE
	EndGlobalSection
	GlobalSection(ProjectConfigurationPlatforms) = postSolution
		{F922C13C-8D81-4D1C-94FB-106EA75AB90E}.Debug|Any CPU.ActiveCfg = Debug|Any CPU
		{F922C13C-8D81-4D1C-94FB-106EA75AB90E}.Debug|Any CPU.Build.0 = Debug|Any CPU
		{F922C13C-8D81-4D1C-94FB-106EA75AB90E}.Release|Any CPU.ActiveCfg = Release|Any CPU
		{F922C13C-8D81-4D1C-94FB-106EA75AB90E}.Release|Any CPU.Build.0 = Release|Any CPU
		{C901466F-EEF8-43EA-A079-7270D14C92CA}.Debug|Any CPU.ActiveCfg = Debug|Any CPU
		{C901466F-EEF8-43EA-A079-7270D14C92CA}.Debug|Any CPU.Build.0 = Debug|Any CPU
		{C901466F-EEF8-43EA-A079-7270D14C92CA}.Release|Any CPU.ActiveCfg = Release|Any CPU
		{C901466F-EEF8-43EA-A079-7270D14C92CA}.Release|Any CPU.Build.0 = Release|Any CPU
		{31839F57-80C0-419C-B17F-F8E0E93A71E0}.Debug|Any CPU.ActiveCfg = Debug|Any CPU
		{31839F57-80C0-419C-B17F-F8E0E93A71E0}.Debug|Any CPU.Build.0 = Debug|Any CPU
		{31839F57-80C0-419C-B17F-F8E0E93A71E0}.Release|Any CPU.ActiveCfg = Release|Any CPU
		{31839F57-80C0-419C-B17F-F8E0E93A71E0}.Release|Any CPU.Build.0 = Release|Any CPU
	EndGlobalSection
	GlobalSection(NestedProjects) = preSolution
		{F922C13C-8D81-4D1C-94FB-106EA75AB90E} = {D9CACF12-C5F6-4D75-BE2D-FD7AE341BE2D}
		{C901466F-EEF8-43EA-A079-7270D14C92CA} = {2EA17541-D92D-46F5-A347-229879E872AD}
		{31839F57-80C0-419C-B17F-F8E0E93A71E0} = {3CAC2FAC-2880-440A-A448-7AE7CAA54831}
	EndGlobalSection
EndGlobal
